
Microsoft Visual Studio Solution File, Format Version 12.00
# Visual Studio Version 16
VisualStudioVersion = 16.0.31624.102
MinimumVisualStudioVersion = 10.0.40219.1
Project("{FAE04EC0-301F-11D3-BF4B-00C04F79EFBC}") = "FirstNormalApp", "FirstNormalApp\FirstNormalApp.csproj", "{A62B1CD4-6BB9-40EA-9FAC-E2F99748BC68}"
EndProject
Global
	GlobalSection(SolutionConfigurationPlatforms) = preSolution
		Debug|Any CPU = Debug|Any CPU
		Release|Any CPU = Release|Any CPU
	EndGlobalSection
	GlobalSection(ProjectConfigurationPlatforms) = postSolution
		{A62B1CD4-6BB9-40EA-9FAC-E2F99748BC68}.Debug|Any CPU.ActiveCfg = Debug|Any CPU
		{A62B1CD4-6BB9-40EA-9FAC-E2F99748BC68}.Debug|Any CPU.Build.0 = Debug|Any CPU
		{A62B1CD4-6BB9-40EA-9FAC-E2F99748BC68}.Release|Any CPU.ActiveCfg = Release|Any CPU
		{A62B1CD4-6BB9-40EA-9FAC-E2F99748BC68}.Release|Any CPU.Build.0 = Release|Any CPU
	EndGlobalSection
	GlobalSection(SolutionProperties) = preSolution
		HideSolutionNode = FALSE
	EndGlobalSection
	GlobalSection(ExtensibilityGlobals) = postSolution
		SolutionGuid = {613FA407-666F-4991-9474-E6E9C3E62328}
	EndGlobalSection
EndGlobal
